{
  "requires": true,
  "lockfileVersion": 1,
  "dependencies": {
    "edteam-style-guides": {
      "version": "0.0.68",
      "resolved": "https://registry.npmjs.org/edteam-style-guides/-/edteam-style-guides-0.0.68.tgz",
      "integrity": "sha512-NPJYTWABr878pkAMNZuysm92CCTpBIokODbp1GEyevLXJSPhV2iF9oojtC4//epyATgR+q8Wi2GE2Aso2LdXBA==",
      "requires": {
        "natives": "^1.1.6"
      }
    },
    "natives": {
      "version": "1.1.6",
      "resolved": "https://registry.npmjs.org/natives/-/natives-1.1.6.tgz",
      "integrity": "sha512-6+TDFewD4yxY14ptjKaS63GVdtKiES1pTPyxn9Jb0rBqPMZ7VcCiooEhPNsr+mqHtMGxa/5c/HhcC4uPEUw/nA=="
    }
  }
}
